{
  "requires": true,
  "lockfileVersion": 1,
  "dependencies": {
    "vue-video-thumbnail": {
      "version": "0.1.12",
      "resolved": "https://registry.npmjs.org/vue-video-thumbnail/-/vue-video-thumbnail-0.1.12.tgz",
      "integrity": "sha512-1tGgo4G0pMfd3wPm8iuVLhSAmvu/uEtKY+w5bplHhNnPJrxFOddT7AYiqJKvT4b3aCmOCk7JwnqY271Cz+xL8Q=="
    }
  }
}
